
Microsoft Visual Studio Solution File, Format Version 12.00
# Visual Studio 15
VisualStudioVersion = 15.0.27703.2018
MinimumVisualStudioVersion = 10.0.40219.1
Project("{FAE04EC0-301F-11D3-BF4B-00C04F79EFBC}") = "AutomationTest.Core", "AutomationTest.Core\AutomationTest.Core.csproj", "{20F959F0-FB86-4BF8-8FC0-936BD8D7194D}"
EndProject
Project("{FAE04EC0-301F-11D3-BF4B-00C04F79EFBC}") = "AutomationTest.Script", "AutomationTest.Script\AutomationTest.Script.csproj", "{908BDC3D-10F2-41B8-87F4-DB8EC2A13B80}"
EndProject
Project("{FAE04EC0-301F-11D3-BF4B-00C04F79EFBC}") = "App.Entities", "App.Entities\App.Entities.csproj", "{1A79FAE2-7078-438F-8640-16F33A61CAFF}"
EndProject
Project("{FAE04EC0-301F-11D3-BF4B-00C04F79EFBC}") = "UnitTestProject1", "UnitTestProject1\UnitTestProject1.csproj", "{D11DECF9-16D0-4F22-94A4-D4309A2991B7}"
EndProject
Project("{2150E333-8FDC-42A3-9474-1A3956D46DE8}") = "Note", "Note", "{C2BE3505-2BDB-4868-9B1A-8319C49B9415}"
	ProjectSection(SolutionItems) = preProject
		AutomationTest.Core Skeleton.PNG = AutomationTest.Core Skeleton.PNG
		AutomationTest.Script Skeleton.PNG = AutomationTest.Script Skeleton.PNG
		Main Points.txt = Main Points.txt
		Note.txt = Note.txt
		Overview.png = Overview.png
		TestDataStorage.PNG = TestDataStorage.PNG
	EndProjectSection
EndProject
Global
	GlobalSection(SolutionConfigurationPlatforms) = preSolution
		Debug|Any CPU = Debug|Any CPU
		Release|Any CPU = Release|Any CPU
	EndGlobalSection
	GlobalSection(ProjectConfigurationPlatforms) = postSolution
		{20F959F0-FB86-4BF8-8FC0-936BD8D7194D}.Debug|Any CPU.ActiveCfg = Debug|Any CPU
		{20F959F0-FB86-4BF8-8FC0-936BD8D7194D}.Debug|Any CPU.Build.0 = Debug|Any CPU
		{20F959F0-FB86-4BF8-8FC0-936BD8D7194D}.Release|Any CPU.ActiveCfg = Release|Any CPU
		{20F959F0-FB86-4BF8-8FC0-936BD8D7194D}.Release|Any CPU.Build.0 = Release|Any CPU
		{908BDC3D-10F2-41B8-87F4-DB8EC2A13B80}.Debug|Any CPU.ActiveCfg = Debug|Any CPU
		{908BDC3D-10F2-41B8-87F4-DB8EC2A13B80}.Debug|Any CPU.Build.0 = Debug|Any CPU
		{908BDC3D-10F2-41B8-87F4-DB8EC2A13B80}.Release|Any CPU.ActiveCfg = Release|Any CPU
		{908BDC3D-10F2-41B8-87F4-DB8EC2A13B80}.Release|Any CPU.Build.0 = Release|Any CPU
		{1A79FAE2-7078-438F-8640-16F33A61CAFF}.Debug|Any CPU.ActiveCfg = Debug|Any CPU
		{1A79FAE2-7078-438F-8640-16F33A61CAFF}.Debug|Any CPU.Build.0 = Debug|Any CPU
		{1A79FAE2-7078-438F-8640-16F33A61CAFF}.Release|Any CPU.ActiveCfg = Release|Any CPU
		{1A79FAE2-7078-438F-8640-16F33A61CAFF}.Release|Any CPU.Build.0 = Release|Any CPU
		{D11DECF9-16D0-4F22-94A4-D4309A2991B7}.Debug|Any CPU.ActiveCfg = Debug|Any CPU
		{D11DECF9-16D0-4F22-94A4-D4309A2991B7}.Debug|Any CPU.Build.0 = Debug|Any CPU
		{D11DECF9-16D0-4F22-94A4-D4309A2991B7}.Release|Any CPU.ActiveCfg = Release|Any CPU
		{D11DECF9-16D0-4F22-94A4-D4309A2991B7}.Release|Any CPU.Build.0 = Release|Any CPU
	EndGlobalSection
	GlobalSection(SolutionProperties) = preSolution
		HideSolutionNode = FALSE
	EndGlobalSection
	GlobalSection(ExtensibilityGlobals) = postSolution
		SolutionGuid = {BC17CED0-9B37-4DA4-BB0D-D9FA06D160A9}
	EndGlobalSection
EndGlobal
